
Microsoft Visual Studio Solution File, Format Version 12.00
# Visual Studio Version 16
VisualStudioVersion = 16.0.29806.167
MinimumVisualStudioVersion = 10.0.40219.1
Project("{FAE04EC0-301F-11D3-BF4B-00C04F79EFBC}") = "AccessSpecifiersSample.Library", "AccessSpecifiersSample.Library\AccessSpecifiersSample.Library.csproj", "{31386341-3618-4F3D-8400-9A71C0ADEC3D}"
EndProject
Project("{FAE04EC0-301F-11D3-BF4B-00C04F79EFBC}") = "AccessSpecifiersSample.Console", "AccessSpecifiersSample.Console\AccessSpecifiersSample.Console.csproj", "{9DDBFE66-2FB0-4523-85ED-BE3944A64D68}"
EndProject
Global
	GlobalSection(SolutionConfigurationPlatforms) = preSolution
		Debug|Any CPU = Debug|Any CPU
		Release|Any CPU = Release|Any CPU
	EndGlobalSection
	GlobalSection(ProjectConfigurationPlatforms) = postSolution
		{31386341-3618-4F3D-8400-9A71C0ADEC3D}.Debug|Any CPU.ActiveCfg = Debug|Any CPU
		{31386341-3618-4F3D-8400-9A71C0ADEC3D}.Debug|Any CPU.Build.0 = Debug|Any CPU
		{31386341-3618-4F3D-8400-9A71C0ADEC3D}.Release|Any CPU.ActiveCfg = Release|Any CPU
		{31386341-3618-4F3D-8400-9A71C0ADEC3D}.Release|Any CPU.Build.0 = Release|Any CPU
		{9DDBFE66-2FB0-4523-85ED-BE3944A64D68}.Debug|Any CPU.ActiveCfg = Debug|Any CPU
		{9DDBFE66-2FB0-4523-85ED-BE3944A64D68}.Debug|Any CPU.Build.0 = Debug|Any CPU
		{9DDBFE66-2FB0-4523-85ED-BE3944A64D68}.Release|Any CPU.ActiveCfg = Release|Any CPU
		{9DDBFE66-2FB0-4523-85ED-BE3944A64D68}.Release|Any CPU.Build.0 = Release|Any CPU
	EndGlobalSection
	GlobalSection(SolutionProperties) = preSolution
		HideSolutionNode = FALSE
	EndGlobalSection
	GlobalSection(ExtensibilityGlobals) = postSolution
		SolutionGuid = {4B235ABF-CDB9-4F20-A185-BB2FE028496B}
	EndGlobalSection
EndGlobal
